PODS:
  - Flutter (1.0.0)
  - integration_test (0.0.1):
    - Flutter
  - qs_ios_shazam (0.0.1):
    - Flutter

DEPENDENCIES:
  - Flutter (from `Flutter`)
  - integration_test (from `.symlinks/plugins/integration_test/ios`)
  - qs_ios_shazam (from `.symlinks/plugins/qs_ios_shazam/ios`)

EXTERNAL SOURCES:
  Flutter:
    :path: Flutter
  integration_test:
    :path: ".symlinks/plugins/integration_test/ios"
  qs_ios_shazam:
    :path: ".symlinks/plugins/qs_ios_shazam/ios"

SPEC CHECKSUMS:
  Flutter: cabc95a1d2626b1b06e7179b784ebcf0c0cde467
  integration_test: 4a889634ef21a45d28d50d622cf412dc6d9f586e
  qs_ios_shazam: 9bbbbd6b32c4b3ccd2f3ab717094f6bcaa80801c

PODFILE CHECKSUM: 3c63482e143d1b91d2d2560aee9fb04ecc74ac7e

COCOAPODS: 1.16.2
